
Microsoft Visual Studio Solution File, Format Version 12.00
# Visual Studio Version 16
VisualStudioVersion = 16.0.30204.135
MinimumVisualStudioVersion = 10.0.40219.1
Project("{9A19103F-16F7-4668-BE54-9A1E7A4F7556}") = "Brixel.Findr.API", "Brixel.Findr.API.csproj", "{B1E5B039-252C-4546-BC95-1D9B73FD9741}"
EndProject
Global
	GlobalSection(SolutionConfigurationPlatforms) = preSolution
		Debug|Any CPU = Debug|Any CPU
		Release|Any CPU = Release|Any CPU
	EndGlobalSection
	GlobalSection(ProjectConfigurationPlatforms) = postSolution
		{B1E5B039-252C-4546-BC95-1D9B73FD9741}.Debug|Any CPU.ActiveCfg = Debug|Any CPU
		{B1E5B039-252C-4546-BC95-1D9B73FD9741}.Debug|Any CPU.Build.0 = Debug|Any CPU
		{B1E5B039-252C-4546-BC95-1D9B73FD9741}.Release|Any CPU.ActiveCfg = Release|Any CPU
		{B1E5B039-252C-4546-BC95-1D9B73FD9741}.Release|Any CPU.Build.0 = Release|Any CPU
	EndGlobalSection
	GlobalSection(SolutionProperties) = preSolution
		HideSolutionNode = FALSE
	EndGlobalSection
	GlobalSection(ExtensibilityGlobals) = postSolution
		SolutionGuid = {7087D48D-6410-484D-9B82-9B4D4123E10A}
	EndGlobalSection
EndGlobal
